{
    "_readme": [
        "This file locks the dependencies of your project to a known state",
        "Read more about it at https://getcomposer.org/doc/01-basic-usage.md#installing-dependencies",
        "This file is @generated automatically"
    ],
    "content-hash": "b68297c2dce66f768bae47d08c774f39",
    "packages": [
        {
            "name": "mpdf/mpdf",
            "version": "v8.3.1",
            "source": {
                "type": "git",
                "url": "https://github.com/mpdf/mpdf.git",
                "reference": "2a454ec334109911fdb323a284c19dbf3f049810"
            },
            "dist": {
                "type": "zip",
                "url": "https://api.github.com/repos/mpdf/mpdf/zipball/2a454ec334109911fdb323a284c19dbf3f049810",
                "reference": "2a454ec334109911fdb323a284c19dbf3f049810",
                "shasum": ""
            },
            "require": {
                "ext-gd": "*",
                "ext-mbstring": "*",
                "mpdf/psr-http-message-shim": "^1.0 || ^2.0",
                "mpdf/psr-log-aware-trait": "^2.0 || ^3.0",
                "myclabs/deep-copy": "^1.7",
                "paragonie/random_compat": "^1.4|^2.0|^9.99.99",
                "php": "^5.6 || ^7.0 || ~8.0.0 || ~8.1.0 || ~8.2.0 || ~8.3.0 || ~8.4.0 || ~8.5.0",
                "psr/http-message": "^1.0 || ^2.0",
                "psr/log": "^1.0 || ^2.0 || ^3.0",
                "setasign/fpdi": "^2.1"
            },
            "require-dev": {
                "mockery/mockery": "^1.3.0",
                "mpdf/qrcode": "^1.1.0",
                "squizlabs/php_codesniffer": "^3.5.0",
                "tracy/tracy": "~2.5",
                "yoast/phpunit-polyfills": "^1.0"
            },
            "suggest": {
                "ext-bcmath": "Needed for generation of some types of barcodes",
                "ext-imagick": "Needed if developing the Mpdf library",
                "ext-xml": "Needed mainly for SVG manipulation",
                "ext-zlib": "Needed for compression of embedded resources, such as fonts"
            },
            "type": "library",
            "autoload": {
                "files": [
                    "src/functions.php"
                ],
                "psr-4": {
                    "Mpdf\\": "src/"
                }
            },
            "notification-url": "https://packagist.org/downloads/",
            "license": [
                "GPL-2.0-only"
            ],
            "authors": [
                {
                    "name": "Matěj Humpál",
                    "role": "Developer, maintainer"
                },
                {
                    "name": "Ian Back",
                    "role": "Developer (retired)"
                }
            ],
            "description": "PHP library generating PDF files from UTF-8 encoded HTML",
            "homepage": "https://mpdf.github.io",
            "keywords": [
                "pdf",
                "php",
                "utf-8"
            ],
            "support": {
                "docs": "https://mpdf.github.io",
                "issues": "https://github.com/mpdf/mpdf/issues",
                "source": "https://github.com/mpdf/mpdf"
            },
            "funding": [
                {
                    "url": "https://www.paypal.me/mpdf",
                    "type": "custom"
                }
            ],
            "time": "2026-03-11T10:58:44+00:00"
        },
        {
            "name": "mpdf/psr-http-message-shim",
            "version": "v2.0.1",
            "source": {
                "type": "git",
                "url": "https://github.com/mpdf/psr-http-message-shim.git",
                "reference": "f25a0153d645e234f9db42e5433b16d9b113920f"
            },
            "dist": {
                "type": "zip",
                "url": "https://api.github.com/repos/mpdf/psr-http-message-shim/zipball/f25a0153d645e234f9db42e5433b16d9b113920f",
                "reference": "f25a0153d645e234f9db42e5433b16d9b113920f",
                "shasum": ""
            },
            "require": {
                "psr/http-message": "^2.0"
            },
            "type": "library",
            "autoload": {
                "psr-4": {
                    "Mpdf\\PsrHttpMessageShim\\": "src/"
                }
            },
            "notification-url": "https://packagist.org/downloads/",
            "license": [
                "MIT"
            ],
            "authors": [
                {
                    "name": "Mark Dorison",
                    "email": "mark@chromatichq.com"
                },
                {
                    "name": "Kristofer Widholm",
                    "email": "kristofer@chromatichq.com"
                },
                {
                    "name": "Nigel Cunningham",
                    "email": "nigel.cunningham@technocrat.com.au"
                }
            ],
            "description": "Shim to allow support of different psr/message versions.",
            "support": {
                "issues": "https://github.com/mpdf/psr-http-message-shim/issues",
                "source": "https://github.com/mpdf/psr-http-message-shim/tree/v2.0.1"
            },
            "time": "2023-10-02T14:34:03+00:00"
        },
        {
            "name": "mpdf/psr-log-aware-trait",
            "version": "v3.0.0",
            "source": {
                "type": "git",
                "url": "https://github.com/mpdf/psr-log-aware-trait.git",
                "reference": "a633da6065e946cc491e1c962850344bb0bf3e78"
            },
            "dist": {
                "type": "zip",
                "url": "https://api.github.com/repos/mpdf/psr-log-aware-trait/zipball/a633da6065e946cc491e1c962850344bb0bf3e78",
                "reference": "a633da6065e946cc491e1c962850344bb0bf3e78",
                "shasum": ""
            },
            "require": {
                "psr/log": "^3.0"
            },
            "type": "library",
            "autoload": {
                "psr-4": {
                    "Mpdf\\PsrLogAwareTrait\\": "src/"
                }
            },
            "notification-url": "https://packagist.org/downloads/",
            "license": [
                "MIT"
            ],
            "authors": [
                {
                    "name": "Mark Dorison",
                    "email": "mark@chromatichq.com"
                },
                {
                    "name": "Kristofer Widholm",
                    "email": "kristofer@chromatichq.com"
                }
            ],
            "description": "Trait to allow support of different psr/log versions.",
            "support": {
                "issues": "https://github.com/mpdf/psr-log-aware-trait/issues",
                "source": "https://github.com/mpdf/psr-log-aware-trait/tree/v3.0.0"
            },
            "time": "2023-05-03T06:19:36+00:00"
        },
        {
            "name": "myclabs/deep-copy",
            "version": "1.13.4",
            "source": {
                "type": "git",
                "url": "https://github.com/myclabs/DeepCopy.git",
                "reference": "07d290f0c47959fd5eed98c95ee5602db07e0b6a"
            },
            "dist": {
                "type": "zip",
                "url": "https://api.github.com/repos/myclabs/DeepCopy/zipball/07d290f0c47959fd5eed98c95ee5602db07e0b6a",
                "reference": "07d290f0c47959fd5eed98c95ee5602db07e0b6a",
                "shasum": ""
            },
            "require": {
                "php": "^7.1 || ^8.0"
            },
            "conflict": {
                "doctrine/collections": "<1.6.8",
                "doctrine/common": "<2.13.3 || >=3 <3.2.2"
            },
            "require-dev": {
                "doctrine/collections": "^1.6.8",
                "doctrine/common": "^2.13.3 || ^3.2.2",
                "phpspec/prophecy": "^1.10",
                "phpunit/phpunit": "^7.5.20 || ^8.5.23 || ^9.5.13"
            },
            "type": "library",
            "autoload": {
                "files": [
                    "src/DeepCopy/deep_copy.php"
                ],
                "psr-4": {
                    "DeepCopy\\": "src/DeepCopy/"
                }
            },
            "notification-url": "https://packagist.org/downloads/",
            "license": [
                "MIT"
            ],
            "description": "Create deep copies (clones) of your objects",
            "keywords": [
                "clone",
                "copy",
                "duplicate",
                "object",
                "object graph"
            ],
            "support": {
                "issues": "https://github.com/myclabs/DeepCopy/issues",
                "source": "https://github.com/myclabs/DeepCopy/tree/1.13.4"
            },
            "funding": [
                {
                    "url": "https://tidelift.com/funding/github/packagist/myclabs/deep-copy",
                    "type": "tidelift"
                }
            ],
            "time": "2025-08-01T08:46:24+00:00"
        },
        {
            "name": "paragonie/random_compat",
            "version": "v9.99.100",
            "source": {
                "type": "git",
                "url": "https://github.com/paragonie/random_compat.git",
                "reference": "996434e5492cb4c3edcb9168db6fbb1359ef965a"
            },
            "dist": {
                "type": "zip",
                "url": "https://api.github.com/repos/paragonie/random_compat/zipball/996434e5492cb4c3edcb9168db6fbb1359ef965a",
                "reference": "996434e5492cb4c3edcb9168db6fbb1359ef965a",
                "shasum": ""
            },
            "require": {
                "php": ">= 7"
            },
            "require-dev": {
                "phpunit/phpunit": "4.*|5.*",
                "vimeo/psalm": "^1"
            },
            "suggest": {
                "ext-libsodium": "Provides a modern crypto API that can be used to generate random bytes."
            },
            "type": "library",
            "notification-url": "https://packagist.org/downloads/",
            "license": [
                "MIT"
            ],
            "authors": [
                {
                    "name": "Paragon Initiative Enterprises",
                    "email": "security@paragonie.com",
                    "homepage": "https://paragonie.com"
                }
            ],
            "description": "PHP 5.x polyfill for random_bytes() and random_int() from PHP 7",
            "keywords": [
                "csprng",
                "polyfill",
                "pseudorandom",
                "random"
            ],
            "support": {
                "email": "info@paragonie.com",
                "issues": "https://github.com/paragonie/random_compat/issues",
                "source": "https://github.com/paragonie/random_compat"
            },
            "time": "2020-10-15T08:29:30+00:00"
        },
        {
            "name": "pimple/pimple",
            "version": "v3.6.2",
            "source": {
                "type": "git",
                "url": "https://github.com/silexphp/Pimple.git",
                "reference": "8cfe7f74ac22a433d303914eba9ea4c2a834edce"
            },
            "dist": {
                "type": "zip",
                "url": "https://api.github.com/repos/silexphp/Pimple/zipball/8cfe7f74ac22a433d303914eba9ea4c2a834edce",
                "reference": "8cfe7f74ac22a433d303914eba9ea4c2a834edce",
                "shasum": ""
            },
            "require": {
                "php": ">=7.2.5",
                "psr/container": "^1.1 || ^2.0"
            },
            "require-dev": {
                "phpunit/phpunit": "*"
            },
            "type": "library",
            "extra": {
                "branch-alias": {
                    "dev-master": "3.x-dev"
                }
            },
            "autoload": {
                "psr-0": {
                    "Pimple": "src/"
                }
            },
            "notification-url": "https://packagist.org/downloads/",
            "license": [
                "MIT"
            ],
            "authors": [
                {
                    "name": "Fabien Potencier",
                    "email": "fabien@symfony.com"
                }
            ],
            "description": "Pimple, a simple Dependency Injection Container",
            "homepage": "https://pimple.symfony.com",
            "keywords": [
                "container",
                "dependency injection"
            ],
            "support": {
                "source": "https://github.com/silexphp/Pimple/tree/v3.6.2"
            },
            "time": "2026-02-26T08:23:44+00:00"
        },
        {
            "name": "psr/container",
            "version": "2.0.2",
            "source": {
                "type": "git",
                "url": "https://github.com/php-fig/container.git",
                "reference": "c71ecc56dfe541dbd90c5360474fbc405f8d5963"
            },
            "dist": {
                "type": "zip",
                "url": "https://api.github.com/repos/php-fig/container/zipball/c71ecc56dfe541dbd90c5360474fbc405f8d5963",
                "reference": "c71ecc56dfe541dbd90c5360474fbc405f8d5963",
                "shasum": ""
            },
            "require": {
                "php": ">=7.4.0"
            },
            "type": "library",
            "extra": {
                "branch-alias": {
                    "dev-master": "2.0.x-dev"
                }
            },
            "autoload": {
                "psr-4": {
                    "Psr\\Container\\": "src/"
                }
            },
            "notification-url": "https://packagist.org/downloads/",
            "license": [
                "MIT"
            ],
            "authors": [
                {
                    "name": "PHP-FIG",
                    "homepage": "https://www.php-fig.org/"
                }
            ],
            "description": "Common Container Interface (PHP FIG PSR-11)",
            "homepage": "https://github.com/php-fig/container",
            "keywords": [
                "PSR-11",
                "container",
                "container-interface",
                "container-interop",
                "psr"
            ],
            "support": {
                "issues": "https://github.com/php-fig/container/issues",
                "source": "https://github.com/php-fig/container/tree/2.0.2"
            },
            "time": "2021-11-05T16:47:00+00:00"
        },
        {
            "name": "psr/http-message",
            "version": "2.0",
            "source": {
                "type": "git",
                "url": "https://github.com/php-fig/http-message.git",
                "reference": "402d35bcb92c70c026d1a6a9883f06b2ead23d71"
            },
            "dist": {
                "type": "zip",
                "url": "https://api.github.com/repos/php-fig/http-message/zipball/402d35bcb92c70c026d1a6a9883f06b2ead23d71",
                "reference": "402d35bcb92c70c026d1a6a9883f06b2ead23d71",
                "shasum": ""
            },
            "require": {
                "php": "^7.2 || ^8.0"
            },
            "type": "library",
            "extra": {
                "branch-alias": {
                    "dev-master": "2.0.x-dev"
                }
            },
            "autoload": {
                "psr-4": {
                    "Psr\\Http\\Message\\": "src/"
                }
            },
            "notification-url": "https://packagist.org/downloads/",
            "license": [
                "MIT"
            ],
            "authors": [
                {
                    "name": "PHP-FIG",
                    "homepage": "https://www.php-fig.org/"
                }
            ],
            "description": "Common interface for HTTP messages",
            "homepage": "https://github.com/php-fig/http-message",
            "keywords": [
                "http",
                "http-message",
                "psr",
                "psr-7",
                "request",
                "response"
            ],
            "support": {
                "source": "https://github.com/php-fig/http-message/tree/2.0"
            },
            "time": "2023-04-04T09:54:51+00:00"
        },
        {
            "name": "setasign/fpdi",
            "version": "v2.6.6",
            "source": {
                "type": "git",
                "url": "https://github.com/Setasign/FPDI.git",
                "reference": "de0cf35911be3e9ea63b48e0f307883b1c7c48ac"
            },
            "dist": {
                "type": "zip",
                "url": "https://api.github.com/repos/Setasign/FPDI/zipball/de0cf35911be3e9ea63b48e0f307883b1c7c48ac",
                "reference": "de0cf35911be3e9ea63b48e0f307883b1c7c48ac",
                "shasum": ""
            },
            "require": {
                "ext-zlib": "*",
                "php": ">=7.2 <=8.5.99999"
            },
            "conflict": {
                "setasign/tfpdf": "<1.31"
            },
            "require-dev": {
                "phpunit/phpunit": "^8.5.52",
                "setasign/fpdf": "~1.8.6",
                "setasign/tfpdf": "~1.33",
                "squizlabs/php_codesniffer": "^3.5",
                "tecnickcom/tcpdf": "^6.8"
            },
            "suggest": {
                "setasign/fpdf": "FPDI will extend this class but as it is also possible to use TCPDF or tFPDF as an alternative. There's no fixed dependency configured."
            },
            "type": "library",
            "autoload": {
                "psr-4": {
                    "setasign\\Fpdi\\": "src/"
                }
            },
            "notification-url": "https://packagist.org/downloads/",
            "license": [
                "MIT"
            ],
            "authors": [
                {
                    "name": "Jan Slabon",
                    "email": "jan.slabon@setasign.com",
                    "homepage": "https://www.setasign.com"
                },
                {
                    "name": "Maximilian Kresse",
                    "email": "maximilian.kresse@setasign.com",
                    "homepage": "https://www.setasign.com"
                }
            ],
            "description": "FPDI is a collection of PHP classes facilitating developers to read pages from existing PDF documents and use them as templates in FPDF. Because it is also possible to use FPDI with TCPDF, there are no fixed dependencies defined. Please see suggestions for packages which evaluates the dependencies automatically.",
            "homepage": "https://www.setasign.com/fpdi",
            "keywords": [
                "fpdf",
                "fpdi",
                "pdf"
            ],
            "support": {
                "issues": "https://github.com/Setasign/FPDI/issues",
                "source": "https://github.com/Setasign/FPDI/tree/v2.6.6"
            },
            "funding": [
                {
                    "url": "https://tidelift.com/funding/github/packagist/setasign/fpdi",
                    "type": "tidelift"
                }
            ],
            "time": "2026-03-13T08:38:20+00:00"
        },
        {
            "name": "symfony/polyfill-iconv",
            "version": "v1.35.0",
            "source": {
                "type": "git",
                "url": "https://github.com/symfony/polyfill-iconv.git",
                "reference": "2c5729fd241b4b22f6e4b436bc3354a4f262df57"
            },
            "dist": {
                "type": "zip",
                "url": "https://api.github.com/repos/symfony/polyfill-iconv/zipball/2c5729fd241b4b22f6e4b436bc3354a4f262df57",
                "reference": "2c5729fd241b4b22f6e4b436bc3354a4f262df57",
                "shasum": ""
            },
            "require": {
                "php": ">=7.2"
            },
            "provide": {
                "ext-iconv": "*"
            },
            "suggest": {
                "ext-iconv": "For best performance"
            },
            "type": "library",
            "extra": {
                "thanks": {
                    "url": "https://github.com/symfony/polyfill",
                    "name": "symfony/polyfill"
                }
            },
            "autoload": {
                "files": [
                    "bootstrap.php"
                ],
                "psr-4": {
                    "Symfony\\Polyfill\\Iconv\\": ""
                }
            },
            "notification-url": "https://packagist.org/downloads/",
            "license": [
                "MIT"
            ],
            "authors": [
                {
                    "name": "Nicolas Grekas",
                    "email": "p@tchwork.com"
                },
                {
                    "name": "Symfony Community",
                    "homepage": "https://symfony.com/contributors"
                }
            ],
            "description": "Symfony polyfill for the Iconv extension",
            "homepage": "https://symfony.com",
            "keywords": [
                "compatibility",
                "iconv",
                "polyfill",
                "portable",
                "shim"
            ],
            "support": {
                "source": "https://github.com/symfony/polyfill-iconv/tree/v1.35.0"
            },
            "funding": [
                {
                    "url": "https://symfony.com/sponsor",
                    "type": "custom"
                },
                {
                    "url": "https://github.com/fabpot",
                    "type": "github"
                },
                {
                    "url": "https://github.com/nicolas-grekas",
                    "type": "github"
                },
                {
                    "url": "https://tidelift.com/funding/github/packagist/symfony/symfony",
                    "type": "tidelift"
                }
            ],
            "time": "2026-04-10T16:19:22+00:00"
        },
        {
            "name": "symfony/polyfill-mbstring",
            "version": "v1.35.0",
            "source": {
                "type": "git",
                "url": "https://github.com/symfony/polyfill-mbstring.git",
                "reference": "6a21eb99c6973357967f6ce3708cd55a6bec6315"
            },
            "dist": {
                "type": "zip",
                "url": "https://api.github.com/repos/symfony/polyfill-mbstring/zipball/6a21eb99c6973357967f6ce3708cd55a6bec6315",
                "reference": "6a21eb99c6973357967f6ce3708cd55a6bec6315",
                "shasum": ""
            },
            "require": {
                "ext-iconv": "*",
                "php": ">=7.2"
            },
            "provide": {
                "ext-mbstring": "*"
            },
            "suggest": {
                "ext-mbstring": "For best performance"
            },
            "type": "library",
            "extra": {
                "thanks": {
                    "url": "https://github.com/symfony/polyfill",
                    "name": "symfony/polyfill"
                }
            },
            "autoload": {
                "files": [
                    "bootstrap.php"
                ],
                "psr-4": {
                    "Symfony\\Polyfill\\Mbstring\\": ""
                }
            },
            "notification-url": "https://packagist.org/downloads/",
            "license": [
                "MIT"
            ],
            "authors": [
                {
                    "name": "Nicolas Grekas",
                    "email": "p@tchwork.com"
                },
                {
                    "name": "Symfony Community",
                    "homepage": "https://symfony.com/contributors"
                }
            ],
            "description": "Symfony polyfill for the Mbstring extension",
            "homepage": "https://symfony.com",
            "keywords": [
                "compatibility",
                "mbstring",
                "polyfill",
                "portable",
                "shim"
            ],
            "support": {
                "source": "https://github.com/symfony/polyfill-mbstring/tree/v1.35.0"
            },
            "funding": [
                {
                    "url": "https://symfony.com/sponsor",
                    "type": "custom"
                },
                {
                    "url": "https://github.com/fabpot",
                    "type": "github"
                },
                {
                    "url": "https://github.com/nicolas-grekas",
                    "type": "github"
                },
                {
                    "url": "https://tidelift.com/funding/github/packagist/symfony/symfony",
                    "type": "tidelift"
                }
            ],
            "time": "2026-04-10T17:25:58+00:00"
        },
        {
            "name": "zbateson/mail-mime-parser",
            "version": "2.4.0",
            "source": {
                "type": "git",
                "url": "https://github.com/zbateson/mail-mime-parser.git",
                "reference": "20b3e48eb799537683780bc8782fbbe9bc25934a"
            },
            "dist": {
                "type": "zip",
                "url": "https://api.github.com/repos/zbateson/mail-mime-parser/zipball/20b3e48eb799537683780bc8782fbbe9bc25934a",
                "reference": "20b3e48eb799537683780bc8782fbbe9bc25934a",
                "shasum": ""
            },
            "require": {
                "guzzlehttp/psr7": "^1.7.0|^2.0",
                "php": ">=7.1",
                "pimple/pimple": "^3.0",
                "zbateson/mb-wrapper": "^1.0.1",
                "zbateson/stream-decorators": "^1.0.6"
            },
            "require-dev": {
                "friendsofphp/php-cs-fixer": "*",
                "mikey179/vfsstream": "^1.6.0",
                "phpstan/phpstan": "*",
                "phpunit/phpunit": "<10"
            },
            "suggest": {
                "ext-iconv": "For best support/performance",
                "ext-mbstring": "For best support/performance"
            },
            "type": "library",
            "autoload": {
                "psr-4": {
                    "ZBateson\\MailMimeParser\\": "src/"
                }
            },
            "notification-url": "https://packagist.org/downloads/",
            "license": [
                "BSD-2-Clause"
            ],
            "authors": [
                {
                    "name": "Zaahid Bateson"
                },
                {
                    "name": "Contributors",
                    "homepage": "https://github.com/zbateson/mail-mime-parser/graphs/contributors"
                }
            ],
            "description": "MIME email message parser",
            "homepage": "https://mail-mime-parser.org",
            "keywords": [
                "MimeMailParser",
                "email",
                "mail",
                "mailparse",
                "mime",
                "mimeparse",
                "parser",
                "php-imap"
            ],
            "support": {
                "docs": "https://mail-mime-parser.org/#usage-guide",
                "issues": "https://github.com/zbateson/mail-mime-parser/issues",
                "source": "https://github.com/zbateson/mail-mime-parser"
            },
            "funding": [
                {
                    "url": "https://github.com/zbateson",
                    "type": "github"
                }
            ],
            "time": "2023-02-14T22:58:03+00:00"
        },
        {
            "name": "zbateson/mb-wrapper",
            "version": "1.2.1",
            "source": {
                "type": "git",
                "url": "https://github.com/zbateson/mb-wrapper.git",
                "reference": "09a8b77eb94af3823a9a6623dcc94f8d988da67f"
            },
            "dist": {
                "type": "zip",
                "url": "https://api.github.com/repos/zbateson/mb-wrapper/zipball/09a8b77eb94af3823a9a6623dcc94f8d988da67f",
                "reference": "09a8b77eb94af3823a9a6623dcc94f8d988da67f",
                "shasum": ""
            },
            "require": {
                "php": ">=7.1",
                "symfony/polyfill-iconv": "^1.9",
                "symfony/polyfill-mbstring": "^1.9"
            },
            "require-dev": {
                "friendsofphp/php-cs-fixer": "*",
                "phpstan/phpstan": "*",
                "phpunit/phpunit": "<10.0"
            },
            "suggest": {
                "ext-iconv": "For best support/performance",
                "ext-mbstring": "For best support/performance"
            },
            "type": "library",
            "autoload": {
                "psr-4": {
                    "ZBateson\\MbWrapper\\": "src/"
                }
            },
            "notification-url": "https://packagist.org/downloads/",
            "license": [
                "BSD-2-Clause"
            ],
            "authors": [
                {
                    "name": "Zaahid Bateson"
                }
            ],
            "description": "Wrapper for mbstring with fallback to iconv for encoding conversion and string manipulation",
            "keywords": [
                "charset",
                "encoding",
                "http",
                "iconv",
                "mail",
                "mb",
                "mb_convert_encoding",
                "mbstring",
                "mime",
                "multibyte",
                "string"
            ],
            "support": {
                "issues": "https://github.com/zbateson/mb-wrapper/issues",
                "source": "https://github.com/zbateson/mb-wrapper/tree/1.2.1"
            },
            "funding": [
                {
                    "url": "https://github.com/zbateson",
                    "type": "github"
                }
            ],
            "time": "2024-03-18T04:31:04+00:00"
        },
        {
            "name": "zbateson/stream-decorators",
            "version": "1.2.1",
            "source": {
                "type": "git",
                "url": "https://github.com/zbateson/stream-decorators.git",
                "reference": "783b034024fda8eafa19675fb2552f8654d3a3e9"
            },
            "dist": {
                "type": "zip",
                "url": "https://api.github.com/repos/zbateson/stream-decorators/zipball/783b034024fda8eafa19675fb2552f8654d3a3e9",
                "reference": "783b034024fda8eafa19675fb2552f8654d3a3e9",
                "shasum": ""
            },
            "require": {
                "guzzlehttp/psr7": "^1.9 | ^2.0",
                "php": ">=7.2",
                "zbateson/mb-wrapper": "^1.0.0"
            },
            "require-dev": {
                "friendsofphp/php-cs-fixer": "*",
                "phpstan/phpstan": "*",
                "phpunit/phpunit": "<10.0"
            },
            "type": "library",
            "autoload": {
                "psr-4": {
                    "ZBateson\\StreamDecorators\\": "src/"
                }
            },
            "notification-url": "https://packagist.org/downloads/",
            "license": [
                "BSD-2-Clause"
            ],
            "authors": [
                {
                    "name": "Zaahid Bateson"
                }
            ],
            "description": "PHP psr7 stream decorators for mime message part streams",
            "keywords": [
                "base64",
                "charset",
                "decorators",
                "mail",
                "mime",
                "psr7",
                "quoted-printable",
                "stream",
                "uuencode"
            ],
            "support": {
                "issues": "https://github.com/zbateson/stream-decorators/issues",
                "source": "https://github.com/zbateson/stream-decorators/tree/1.2.1"
            },
            "funding": [
                {
                    "url": "https://github.com/zbateson",
                    "type": "github"
                }
            ],
            "time": "2023-05-30T22:51:52+00:00"
        }
    ],
    "packages-dev": [
        {
            "name": "bamarni/composer-bin-plugin",
            "version": "1.9.1",
            "source": {
                "type": "git",
                "url": "https://github.com/bamarni/composer-bin-plugin.git",
                "reference": "641d0663f5ac270b1aeec4337b7856f76204df47"
            },
            "dist": {
                "type": "zip",
                "url": "https://api.github.com/repos/bamarni/composer-bin-plugin/zipball/641d0663f5ac270b1aeec4337b7856f76204df47",
                "reference": "641d0663f5ac270b1aeec4337b7856f76204df47",
                "shasum": ""
            },
            "require": {
                "composer-plugin-api": "^2.0",
                "php": "^7.2.5 || ^8.0"
            },
            "require-dev": {
                "composer/composer": "^2.2.26",
                "ext-json": "*",
                "phpstan/extension-installer": "^1.1",
                "phpstan/phpstan": "^1.8 || ^2.0",
                "phpstan/phpstan-phpunit": "^1.1 || ^2.0",
                "phpunit/phpunit": "^8.5 || ^9.6 || ^10.0",
                "symfony/console": "^2.8.52 || ^3.4.35 || ^4.4 || ^5.0 || ^6.0",
                "symfony/finder": "^2.8.52 || ^3.4.35 || ^4.4 || ^5.0 || ^6.0",
                "symfony/process": "^2.8.52 || ^3.4.35 || ^4.4 || ^5.0 || ^6.0"
            },
            "type": "composer-plugin",
            "extra": {
                "class": "Bamarni\\Composer\\Bin\\BamarniBinPlugin"
            },
            "autoload": {
                "psr-4": {
                    "Bamarni\\Composer\\Bin\\": "src"
                }
            },
            "notification-url": "https://packagist.org/downloads/",
            "license": [
                "MIT"
            ],
            "description": "No conflicts for your bin dependencies",
            "keywords": [
                "composer",
                "conflict",
                "dependency",
                "executable",
                "isolation",
                "tool"
            ],
            "support": {
                "issues": "https://github.com/bamarni/composer-bin-plugin/issues",
                "source": "https://github.com/bamarni/composer-bin-plugin/tree/1.9.1"
            },
            "time": "2026-02-04T10:18:12+00:00"
        }
    ],
    "aliases": [],
    "minimum-stability": "stable",
    "stability-flags": [],
    "prefer-stable": false,
    "prefer-lowest": false,
    "platform": {
        "php": ">=8.1 <8.5",
        "ext-gd": "*",
        "ext-dom": "*",
        "ext-intl": "*",
        "ext-mbstring": "*"
    },
    "platform-dev": [],
    "plugin-api-version": "2.3.0"
}
